
Microsoft Visual Studio Solution File, Format Version 12.00
# Visual Studio Version 16
VisualStudioVersion = 16.0.810.13
MinimumVisualStudioVersion = 10.0.40219.1
Project("{FAE04EC0-301F-11D3-BF4B-00C04F79EFBC}") = "DockerDemo", "DockerDemo\DockerDemo.csproj", "{9B8B2F18-288E-4FFB-9111-14003CF38CA5}"
EndProject
Global
	GlobalSection(SolutionConfigurationPlatforms) = preSolution
		Debug|Any CPU = Debug|Any CPU
		Release|Any CPU = Release|Any CPU
	EndGlobalSection
	GlobalSection(ProjectConfigurationPlatforms) = postSolution
		{9B8B2F18-288E-4FFB-9111-14003CF38CA5}.Debug|Any CPU.ActiveCfg = Debug|Any CPU
		{9B8B2F18-288E-4FFB-9111-14003CF38CA5}.Debug|Any CPU.Build.0 = Debug|Any CPU
		{9B8B2F18-288E-4FFB-9111-14003CF38CA5}.Release|Any CPU.ActiveCfg = Release|Any CPU
		{9B8B2F18-288E-4FFB-9111-14003CF38CA5}.Release|Any CPU.Build.0 = Release|Any CPU
	EndGlobalSection
	GlobalSection(SolutionProperties) = preSolution
		HideSolutionNode = FALSE
	EndGlobalSection
	GlobalSection(ExtensibilityGlobals) = postSolution
		SolutionGuid = {F9E4CC37-7C23-4576-A767-153C11ABF3C1}
	EndGlobalSection
EndGlobal
